Microsoft Visual Studio Solution File, Format Version 12.00
# Visual Studio Version 17
VisualStudioVersion = 17.5.2.0
MinimumVisualStudioVersion = 10.0.40219.1
Project("{FAE04EC0-301F-11D3-BF4B-00C04F79EFBC}") = "DockE", "DockE.csproj", "{5CCBEA48-607B-8943-F165-A91BB0A3A480}"
EndProject
Global
	GlobalSection(SolutionConfigurationPlatforms) = preSolution
		Debug|Any CPU = Debug|Any CPU
		Release|Any CPU = Release|Any CPU
	EndGlobalSection
	GlobalSection(ProjectConfigurationPlatforms) = postSolution
		{5CCBEA48-607B-8943-F165-A91BB0A3A480}.Debug|Any CPU.ActiveCfg = Debug|Any CPU
		{5CCBEA48-607B-8943-F165-A91BB0A3A480}.Debug|Any CPU.Build.0 = Debug|Any CPU
		{5CCBEA48-607B-8943-F165-A91BB0A3A480}.Release|Any CPU.ActiveCfg = Release|Any CPU
		{5CCBEA48-607B-8943-F165-A91BB0A3A480}.Release|Any CPU.Build.0 = Release|Any CPU
	EndGlobalSection
	GlobalSection(SolutionProperties) = preSolution
		HideSolutionNode = FALSE
	EndGlobalSection
	GlobalSection(ExtensibilityGlobals) = postSolution
		SolutionGuid = {B735527B-60D5-4F5C-8892-DC95F5AC3D9C}
	EndGlobalSection
EndGlobal
